
Microsoft Visual Studio Solution File, Format Version 12.00
# Visual Studio Version 17
VisualStudioVersion = 17.8.34330.188
MinimumVisualStudioVersion = 10.0.40219.1
Project("{FAE04EC0-301F-11D3-BF4B-00C04F79EFBC}") = "ToDoApp1", "ToDoApp1.csproj", "{57D6AFDB-3C5C-437D-B8AB-433C4BB13716}"
EndProject
Global
	GlobalSection(SolutionConfigurationPlatforms) = preSolution
		Debug|Any CPU = Debug|Any CPU
		Release|Any CPU = Release|Any CPU
	EndGlobalSection
	GlobalSection(ProjectConfigurationPlatforms) = postSolution
		{57D6AFDB-3C5C-437D-B8AB-433C4BB13716}.Debug|Any CPU.ActiveCfg = Debug|Any CPU
		{57D6AFDB-3C5C-437D-B8AB-433C4BB13716}.Debug|Any CPU.Build.0 = Debug|Any CPU
		{57D6AFDB-3C5C-437D-B8AB-433C4BB13716}.Release|Any CPU.ActiveCfg = Release|Any CPU
		{57D6AFDB-3C5C-437D-B8AB-433C4BB13716}.Release|Any CPU.Build.0 = Release|Any CPU
	EndGlobalSection
	GlobalSection(SolutionProperties) = preSolution
		HideSolutionNode = FALSE
	EndGlobalSection
	GlobalSection(ExtensibilityGlobals) = postSolution
		SolutionGuid = {1608BEBA-03C8-48B1-B4C5-5478CA88684F}
	EndGlobalSection
EndGlobal
